
Microsoft Visual Studio Solution File, Format Version 12.00
# Visual Studio 2012
Project("{2150E333-8FDC-42A3-9474-1A3956D46DE8}") = ".nuget", ".nuget", "{B89E53B8-7640-4045-BD8C-C97A9D2F11E2}"
	ProjectSection(SolutionItems) = preProject
		.nuget\NuGet.Config = .nuget\NuGet.Config
		.nuget\NuGet.exe = .nuget\NuGet.exe
		.nuget\NuGet.targets = .nuget\NuGet.targets
	EndProjectSection
EndProject
Project("{FAE04EC0-301F-11D3-BF4B-00C04F79EFBC}") = "NHibernate.Caches.SysCache", "Caches\SysCache\NHibernate.Caches.SysCache.csproj", "{2D48853D-7F90-4E1F-BE98-035CAB2D4F1F}"
EndProject
Project("{FAE04EC0-301F-11D3-BF4B-00C04F79EFBC}") = "NHibernate.Caches.SysCache.Tests", "Caches\SysCache.Tests\NHibernate.Caches.SysCache.Tests.csproj", "{1EA6533B-EDC0-4585-927B-65A8A607826A}"
EndProject
Project("{FAE04EC0-301F-11D3-BF4B-00C04F79EFBC}") = "NHibernate.Caches.RtMemoryCache", "Caches\RtMemoryCache\NHibernate.Caches.RtMemoryCache.csproj", "{B3B83CE2-80D9-441D-A97E-680DA9A9B646}"
EndProject
Project("{FAE04EC0-301F-11D3-BF4B-00C04F79EFBC}") = "NHibernate.Caches.RtMemoryCache.Tests", "Caches\RtMemoryCache.Tests\NHibernate.Caches.RtMemoryCache.Tests.csproj", "{A4692485-5A15-416F-931A-765C71DC4D72}"
EndProject
Global
	GlobalSection(SolutionConfigurationPlatforms) = preSolution
		Debug|Any CPU = Debug|Any CPU
		Release|Any CPU = Release|Any CPU
	EndGlobalSection
	GlobalSection(ProjectConfigurationPlatforms) = postSolution
		{2D48853D-7F90-4E1F-BE98-035CAB2D4F1F}.Debug|Any CPU.ActiveCfg = Debug|Any CPU
		{2D48853D-7F90-4E1F-BE98-035CAB2D4F1F}.Debug|Any CPU.Build.0 = Debug|Any CPU
		{2D48853D-7F90-4E1F-BE98-035CAB2D4F1F}.Release|Any CPU.ActiveCfg = Release|Any CPU
		{2D48853D-7F90-4E1F-BE98-035CAB2D4F1F}.Release|Any CPU.Build.0 = Release|Any CPU
		{1EA6533B-EDC0-4585-927B-65A8A607826A}.Debug|Any CPU.ActiveCfg = Debug|Any CPU
		{1EA6533B-EDC0-4585-927B-65A8A607826A}.Debug|Any CPU.Build.0 = Debug|Any CPU
		{1EA6533B-EDC0-4585-927B-65A8A607826A}.Release|Any CPU.ActiveCfg = Release|Any CPU
		{1EA6533B-EDC0-4585-927B-65A8A607826A}.Release|Any CPU.Build.0 = Release|Any CPU
		{B3B83CE2-80D9-441D-A97E-680DA9A9B646}.Debug|Any CPU.ActiveCfg = Debug|Any CPU
		{B3B83CE2-80D9-441D-A97E-680DA9A9B646}.Debug|Any CPU.Build.0 = Debug|Any CPU
		{B3B83CE2-80D9-441D-A97E-680DA9A9B646}.Release|Any CPU.ActiveCfg = Release|Any CPU
		{B3B83CE2-80D9-441D-A97E-680DA9A9B646}.Release|Any CPU.Build.0 = Release|Any CPU
		{A4692485-5A15-416F-931A-765C71DC4D72}.Debug|Any CPU.ActiveCfg = Debug|Any CPU
		{A4692485-5A15-416F-931A-765C71DC4D72}.Debug|Any CPU.Build.0 = Debug|Any CPU
		{A4692485-5A15-416F-931A-765C71DC4D72}.Release|Any CPU.ActiveCfg = Release|Any CPU
		{A4692485-5A15-416F-931A-765C71DC4D72}.Release|Any CPU.Build.0 = Release|Any CPU
	EndGlobalSection
	GlobalSection(SolutionProperties) = preSolution
		HideSolutionNode = FALSE
	EndGlobalSection
EndGlobal
